
Microsoft Visual Studio Solution File, Format Version 12.00
# Visual Studio Version 17
VisualStudioVersion = 17.12.35707.178 d17.12
MinimumVisualStudioVersion = 10.0.40219.1
Project("{FAE04EC0-301F-11D3-BF4B-00C04F79EFBC}") = "Api", "Api\Api.csproj", "{71AEB785-DEC9-49A3-ADF6-AFDB334CAAF6}"
EndProject
Project("{FAE04EC0-301F-11D3-BF4B-00C04F79EFBC}") = "Domain", "Domain\Domain.csproj", "{2BD29B21-37BD-4243-8A55-5064370CAD14}"
EndProject
Project("{FAE04EC0-301F-11D3-BF4B-00C04F79EFBC}") = "Application", "Application\Application.csproj", "{EE5A9C84-E61B-4F5F-AD79-273AC3582868}"
EndProject
Project("{FAE04EC0-301F-11D3-BF4B-00C04F79EFBC}") = "Infrastructure", "Infrastructure\Infrastructure.csproj", "{2B2C1F52-0062-4B28-89CD-2F1C2F296B50}"
EndProject
Global
	GlobalSection(SolutionConfigurationPlatforms) = preSolution
		Debug|Any CPU = Debug|Any CPU
		Release|Any CPU = Release|Any CPU
	EndGlobalSection
	GlobalSection(ProjectConfigurationPlatforms) = postSolution
		{71AEB785-DEC9-49A3-ADF6-AFDB334CAAF6}.Debug|Any CPU.ActiveCfg = Debug|Any CPU
		{71AEB785-DEC9-49A3-ADF6-AFDB334CAAF6}.Debug|Any CPU.Build.0 = Debug|Any CPU
		{71AEB785-DEC9-49A3-ADF6-AFDB334CAAF6}.Release|Any CPU.ActiveCfg = Release|Any CPU
		{71AEB785-DEC9-49A3-ADF6-AFDB334CAAF6}.Release|Any CPU.Build.0 = Release|Any CPU
		{2BD29B21-37BD-4243-8A55-5064370CAD14}.Debug|Any CPU.ActiveCfg = Debug|Any CPU
		{2BD29B21-37BD-4243-8A55-5064370CAD14}.Debug|Any CPU.Build.0 = Debug|Any CPU
		{2BD29B21-37BD-4243-8A55-5064370CAD14}.Release|Any CPU.ActiveCfg = Release|Any CPU
		{2BD29B21-37BD-4243-8A55-5064370CAD14}.Release|Any CPU.Build.0 = Release|Any CPU
		{EE5A9C84-E61B-4F5F-AD79-273AC3582868}.Debug|Any CPU.ActiveCfg = Debug|Any CPU
		{EE5A9C84-E61B-4F5F-AD79-273AC3582868}.Debug|Any CPU.Build.0 = Debug|Any CPU
		{EE5A9C84-E61B-4F5F-AD79-273AC3582868}.Release|Any CPU.ActiveCfg = Release|Any CPU
		{EE5A9C84-E61B-4F5F-AD79-273AC3582868}.Release|Any CPU.Build.0 = Release|Any CPU
		{2B2C1F52-0062-4B28-89CD-2F1C2F296B50}.Debug|Any CPU.ActiveCfg = Debug|Any CPU
		{2B2C1F52-0062-4B28-89CD-2F1C2F296B50}.Debug|Any CPU.Build.0 = Debug|Any CPU
		{2B2C1F52-0062-4B28-89CD-2F1C2F296B50}.Release|Any CPU.ActiveCfg = Release|Any CPU
		{2B2C1F52-0062-4B28-89CD-2F1C2F296B50}.Release|Any CPU.Build.0 = Release|Any CPU
	EndGlobalSection
	GlobalSection(SolutionProperties) = preSolution
		HideSolutionNode = FALSE
	EndGlobalSection
EndGlobal
